// !$*UTF8*$!
{
	archiveVersion = 1;
	classes = {
	};
	objectVersion = 46;
	objects = {

/* Begin PBXBuildFile section */
		990BA67A1F947ED800CDAD17 /* FYDatePicker.m in Sources */ = {isa = PBXBuildFile; fileRef = 990BA6791F947ED800CDAD17 /* FYDatePicker.m */; };
		990BA7D71F948F1900CDAD17 /* FYDatePickerManage.m in Sources */ = {isa = PBXBuildFile; fileRef = 990BA7D61F948F1900CDAD17 /* FYDatePickerManage.m */; };
		991157B81F9F37C500EC824F /* BaseViewController.m in Sources */ = {isa = PBXBuildFile; fileRef = 991157B71F9F37C500EC824F /* BaseViewController.m */; };
		991157BB1F9F381B00EC824F /* BaseNavigationController.m in Sources */ = {isa = PBXBuildFile; fileRef = 991157BA1F9F381B00EC824F /* BaseNavigationController.m */; };
		991157C61F9F47A800EC824F /* WKViewController.m in Sources */ = {isa = PBXBuildFile; fileRef = 991157C51F9F47A800EC824F /* WKViewController.m */; };
		992DF6271F59537800C3F218 /* MainItem.m in Sources */ = {isa = PBXBuildFile; fileRef = 992DF6261F59537800C3F218 /* MainItem.m */; };
		9933EA6C1F98864000BA7896 /* JKDBHelper.m in Sources */ = {isa = PBXBuildFile; fileRef = 9933EA531F98864000BA7896 /* JKDBHelper.m */; };
		9933EA6D1F98864000BA7896 /* JKDBModel.m in Sources */ = {isa = PBXBuildFile; fileRef = 9933EA551F98864000BA7896 /* JKDBModel.m */; };
		9933EA6E1F98864000BA7896 /* FMDatabase.m in Sources */ = {isa = PBXBuildFile; fileRef = 9933EA581F98864000BA7896 /* FMDatabase.m */; };
		9933EA6F1F98864000BA7896 /* FMDatabaseAdditions.m in Sources */ = {isa = PBXBuildFile; fileRef = 9933EA5A1F98864000BA7896 /* FMDatabaseAdditions.m */; };
		9933EA701F98864000BA7896 /* FMDatabasePool.m in Sources */ = {isa = PBXBuildFile; fileRef = 9933EA5C1F98864000BA7896 /* FMDatabasePool.m */; };
		9933EA711F98864000BA7896 /* FMDatabaseQueue.m in Sources */ = {isa = PBXBuildFile; fileRef = 9933EA5E1F98864000BA7896 /* FMDatabaseQueue.m */; };
		9933EA721F98864000BA7896 /* FMResultSet.m in Sources */ = {isa = PBXBuildFile; fileRef = 9933EA611F98864000BA7896 /* FMResultSet.m */; };
		9933EA731F98864000BA7896 /* FYNetworking.m in Sources */ = {isa = PBXBuildFile; fileRef = 9933EA651F98864000BA7896 /* FYNetworking.m */; };
		9933EA741F98864000BA7896 /* FYProgessHUD.m in Sources */ = {isa = PBXBuildFile; fileRef = 9933EA681F98864000BA7896 /* FYProgessHUD.m */; };
		9933EA751F98864000BA7896 /* UIColor+Hex.m in Sources */ = {isa = PBXBuildFile; fileRef = 9933EA6B1F98864000BA7896 /* UIColor+Hex.m */; };
		9960023A1F5BDDB100DBFEFB /* TempleViewController.m in Sources */ = {isa = PBXBuildFile; fileRef = 996002391F5BDDB100DBFEFB /* TempleViewController.m */; };
		9960023D1F5BDF7C00DBFEFB /* CardCell.m in Sources */ = {isa = PBXBuildFile; fileRef = 9960023C1F5BDF7C00DBFEFB /* CardCell.m */; };
		996002411F5BE21200DBFEFB /* FixButton.m in Sources */ = {isa = PBXBuildFile; fileRef = 996002401F5BE21200DBFEFB /* FixButton.m */; };
		99748F441F6BC54900D36BF6 /* WKCell.m in Sources */ = {isa = PBXBuildFile; fileRef = 99748F421F6BC54900D36BF6 /* WKCell.m */; };
		99748F451F6BC54900D36BF6 /* WKCell.xib in Resources */ = {isa = PBXBuildFile; fileRef = 99748F431F6BC54900D36BF6 /* WKCell.xib */; };
		99748F491F6BCDBF00D36BF6 /* FYCheckBox.m in Sources */ = {isa = PBXBuildFile; fileRef = 99748F481F6BCDBF00D36BF6 /* FYCheckBox.m */; };
		99748F4D1F6BD11B00D36BF6 /* FYCheckCell.m in Sources */ = {isa = PBXBuildFile; fileRef = 99748F4B1F6BD11B00D36BF6 /* FYCheckCell.m */; };
		99748F4E1F6BD11B00D36BF6 /* FYCheckCell.xib in Resources */ = {isa = PBXBuildFile; fileRef = 99748F4C1F6BD11B00D36BF6 /* FYCheckCell.xib */; };
		998789481FA06F66006F79C1 /* SettingViewController.m in Sources */ = {isa = PBXBuildFile; fileRef = 998789461FA06F66006F79C1 /* SettingViewController.m */; };
		998789491FA06F66006F79C1 /* SettingViewController.xib in Resources */ = {isa = PBXBuildFile; fileRef = 998789471FA06F66006F79C1 /* SettingViewController.xib */; };
		99878B4B1FA090C7006F79C1 /* FYJson.m in Sources */ = {isa = PBXBuildFile; fileRef = 99878B4A1FA090C7006F79C1 /* FYJson.m */; };
		999004791F5ED555008F4522 /* WKModel.m in Sources */ = {isa = PBXBuildFile; fileRef = 999004781F5ED555008F4522 /* WKModel.m */; };
		99A95C321F613EBF008F1511 /* FYSlideSelectView.m in Sources */ = {isa = PBXBuildFile; fileRef = 99A95C311F613EBF008F1511 /* FYSlideSelectView.m */; };
		99C0D8321FA03EC900D77CB1 /* FYLocalNotification.m in Sources */ = {isa = PBXBuildFile; fileRef = 99C0D8311FA03EC900D77CB1 /* FYLocalNotification.m */; };
		99E5ADFC1F58FD640007B897 /* MainCollectionViewFlowLayout.m in Sources */ = {isa = PBXBuildFile; fileRef = 99E5ADFB1F58FD640007B897 /* MainCollectionViewFlowLayout.m */; };
		99EC37221F59746C00070453 /* test.png in Resources */ = {isa = PBXBuildFile; fileRef = 99EC37211F59746C00070453 /* test.png */; };
		99F74A021F4FCE1000159AB6 /* main.m in Sources */ = {isa = PBXBuildFile; fileRef = 99F74A011F4FCE1000159AB6 /* main.m */; };
		99F74A051F4FCE1000159AB6 /* AppDelegate.m in Sources */ = {isa = PBXBuildFile; fileRef = 99F74A041F4FCE1000159AB6 /* AppDelegate.m */; };
		99F74A081F4FCE1000159AB6 /* MainViewController.m in Sources */ = {isa = PBXBuildFile; fileRef = 99F74A071F4FCE1000159AB6 /* MainViewController.m */; };
		99F74A0B1F4FCE1000159AB6 /* Main.storyboard in Resources */ = {isa = PBXBuildFile; fileRef = 99F74A091F4FCE1000159AB6 /* Main.storyboard */; };
		99F74A0D1F4FCE1000159AB6 /* Assets.xcassets in Resources */ = {isa = PBXBuildFile; fileRef = 99F74A0C1F4FCE1000159AB6 /* Assets.xcassets */; };
		99FAFEDA1F57E2A00050C08A /* MainTableViewCell.m in Sources */ = {isa = PBXBuildFile; fileRef = 99FAFED91F57E2A00050C08A /* MainTableViewCell.m */; };
		99FAFEE21F57E96C0050C08A /* MainModel.m in Sources */ = {isa = PBXBuildFile; fileRef = 99FAFEE11F57E96C0050C08A /* MainModel.m */; };
		99FAFEE51F57EBFA0050C08A /* MainCollectionViewCell.m in Sources */ = {isa = PBXBuildFile; fileRef = 99FAFEE41F57EBFA0050C08A /* MainCollectionViewCell.m */; };
		BED14522A058B3A0E8366E4F /* libPods-Family.a in Frameworks */ = {isa = PBXBuildFile; fileRef = 110B578A05AEA6E1CF622328 /* libPods-Family.a */; };
/* End PBXBuildFile section */

/* Begin PBXFileReference section */
		110B578A05AEA6E1CF622328 /* libPods-Family.a */ = {isa = PBXFileReference; explicitFileType = archive.ar; includeInIndex = 0; path = "libPods-Family.a"; sourceTree = BUILT_PRODUCTS_DIR; };
		7117ADCC8E49B6DF1D05D470 /* Pods-Family.release.xcconfig */ = {isa = PBXFileReference; includeInIndex = 1; lastKnownFileType = text.xcconfig; name = "Pods-Family.release.xcconfig"; path = "Pods/Target Support Files/Pods-Family/Pods-Family.release.xcconfig"; sourceTree = "<group>"; };
		793DC689A167D963D4C5ECD7 /* Pods-Family.debug.xcconfig */ = {isa = PBXFileReference; includeInIndex = 1; lastKnownFileType = text.xcconfig; name = "Pods-Family.debug.xcconfig"; path = "Pods/Target Support Files/Pods-Family/Pods-Family.debug.xcconfig"; sourceTree = "<group>"; };
		990BA6781F947ED800CDAD17 /* FYDatePicker.h */ = {isa = PBXFileReference; lastKnownFileType = sourcecode.c.h; path = FYDatePicker.h; sourceTree = "<group>"; };
		990BA6791F947ED800CDAD17 /* FYDatePicker.m */ = {isa = PBXFileReference; lastKnownFileType = sourcecode.c.objc; path = FYDatePicker.m; sourceTree = "<group>"; };
		990BA7D51F948F1900CDAD17 /* FYDatePickerManage.h */ = {isa = PBXFileReference; lastKnownFileType = sourcecode.c.h; path = FYDatePickerManage.h; sourceTree = "<group>"; };
		990BA7D61F948F1900CDAD17 /* FYDatePickerManage.m */ = {isa = PBXFileReference; lastKnownFileType = sourcecode.c.objc; path = FYDatePickerManage.m; sourceTree = "<group>"; };
		991157B61F9F37C500EC824F /* BaseViewController.h */ = {isa = PBXFileReference; lastKnownFileType = sourcecode.c.h; path = BaseViewController.h; sourceTree = "<group>"; };
		991157B71F9F37C500EC824F /* BaseViewController.m */ = {isa = PBXFileReference; lastKnownFileType = sourcecode.c.objc; path = BaseViewController.m; sourceTree = "<group>"; };
		991157B91F9F381B00EC824F /* BaseNavigationController.h */ = {isa = PBXFileReference; lastKnownFileType = sourcecode.c.h; path = BaseNavigationController.h; sourceTree = "<group>"; };
		991157BA1F9F381B00EC824F /* BaseNavigationController.m */ = {isa = PBXFileReference; lastKnownFileType = sourcecode.c.objc; path = BaseNavigationController.m; sourceTree = "<group>"; };
		991157C41F9F47A800EC824F /* WKViewController.h */ = {isa = PBXFileReference; lastKnownFileType = sourcecode.c.h; path = WKViewController.h; sourceTree = "<group>"; };
		991157C51F9F47A800EC824F /* WKViewController.m */ = {isa = PBXFileReference; lastKnownFileType = sourcecode.c.objc; path = WKViewController.m; sourceTree = "<group>"; };
		992DF6251F59537800C3F218 /* MainItem.h */ = {isa = PBXFileReference; fileEncoding = 4; lastKnownFileType = sourcecode.c.h; path = MainItem.h; sourceTree = "<group>"; };
		992DF6261F59537800C3F218 /* MainItem.m */ = {isa = PBXFileReference; fileEncoding = 4; lastKnownFileType = sourcecode.c.objc; path = MainItem.m; sourceTree = "<group>"; };
		9933EA521F98864000BA7896 /* JKDBHelper.h */ = {isa = PBXFileReference; fileEncoding = 4; lastKnownFileType = sourcecode.c.h; path = JKDBHelper.h; sourceTree = "<group>"; };
		9933EA531F98864000BA7896 /* JKDBHelper.m */ = {isa = PBXFileReference; fileEncoding = 4; lastKnownFileType = sourcecode.c.objc; path = JKDBHelper.m; sourceTree = "<group>"; };
		9933EA541F98864000BA7896 /* JKDBModel.h */ = {isa = PBXFileReference; fileEncoding = 4; lastKnownFileType = sourcecode.c.h; path = JKDBModel.h; sourceTree = "<group>"; };
		9933EA551F98864000BA7896 /* JKDBModel.m */ = {isa = PBXFileReference; fileEncoding = 4; lastKnownFileType = sourcecode.c.objc; path = JKDBModel.m; sourceTree = "<group>"; };
		9933EA571F98864000BA7896 /* FMDatabase.h */ = {isa = PBXFileReference; fileEncoding = 4; lastKnownFileType = sourcecode.c.h; path = FMDatabase.h; sourceTree = "<group>"; };
		9933EA581F98864000BA7896 /* FMDatabase.m */ = {isa = PBXFileReference; fileEncoding = 4; lastKnownFileType = sourcecode.c.objc; path = FMDatabase.m; sourceTree = "<group>"; };
		9933EA591F98864000BA7896 /* FMDatabaseAdditions.h */ = {isa = PBXFileReference; fileEncoding = 4; lastKnownFileType = sourcecode.c.h; path = FMDatabaseAdditions.h; sourceTree = "<group>"; };
		9933EA5A1F98864000BA7896 /* FMDatabaseAdditions.m */ = {isa = PBXFileReference; fileEncoding = 4; lastKnownFileType = sourcecode.c.objc; path = FMDatabaseAdditions.m; sourceTree = "<group>"; };
		9933EA5B1F98864000BA7896 /* FMDatabasePool.h */ = {isa = PBXFileReference; fileEncoding = 4; lastKnownFileType = sourcecode.c.h; path = FMDatabasePool.h; sourceTree = "<group>"; };
		9933EA5C1F98864000BA7896 /* FMDatabasePool.m */ = {isa = PBXFileReference; fileEncoding = 4; lastKnownFileType = sourcecode.c.objc; path = FMDatabasePool.m; sourceTree = "<group>"; };
		9933EA5D1F98864000BA7896 /* FMDatabaseQueue.h */ = {isa = PBXFileReference; fileEncoding = 4; lastKnownFileType = sourcecode.c.h; path = FMDatabaseQueue.h; sourceTree = "<group>"; };
		9933EA5E1F98864000BA7896 /* FMDatabaseQueue.m */ = {isa = PBXFileReference; fileEncoding = 4; lastKnownFileType = sourcecode.c.objc; path = FMDatabaseQueue.m; sourceTree = "<group>"; };
		9933EA5F1F98864000BA7896 /* FMDB.h */ = {isa = PBXFileReference; fileEncoding = 4; lastKnownFileType = sourcecode.c.h; path = FMDB.h; sourceTree = "<group>"; };
		9933EA601F98864000BA7896 /* FMResultSet.h */ = {isa = PBXFileReference; fileEncoding = 4; lastKnownFileType = sourcecode.c.h; path = FMResultSet.h; sourceTree = "<group>"; };
		9933EA611F98864000BA7896 /* FMResultSet.m */ = {isa = PBXFileReference; fileEncoding = 4; lastKnownFileType = sourcecode.c.objc; path = FMResultSet.m; sourceTree = "<group>"; };
		9933EA621F98864000BA7896 /* FYHeader.h */ = {isa = PBXFileReference; fileEncoding = 4; lastKnownFileType = sourcecode.c.h; path = FYHeader.h; sourceTree = "<group>"; };
		9933EA641F98864000BA7896 /* FYNetworking.h */ = {isa = PBXFileReference; fileEncoding = 4; lastKnownFileType = sourcecode.c.h; path = FYNetworking.h; sourceTree = "<group>"; };
		9933EA651F98864000BA7896 /* FYNetworking.m */ = {isa = PBXFileReference; fileEncoding = 4; lastKnownFileType = sourcecode.c.objc; path = FYNetworking.m; sourceTree = "<group>"; };
		9933EA671F98864000BA7896 /* FYProgessHUD.h */ = {isa = PBXFileReference; fileEncoding = 4; lastKnownFileType = sourcecode.c.h; path = FYProgessHUD.h; sourceTree = "<group>"; };
		9933EA681F98864000BA7896 /* FYProgessHUD.m */ = {isa = PBXFileReference; fileEncoding = 4; lastKnownFileType = sourcecode.c.objc; path = FYProgessHUD.m; sourceTree = "<group>"; };
		9933EA6A1F98864000BA7896 /* UIColor+Hex.h */ = {isa = PBXFileReference; fileEncoding = 4; lastKnownFileType = sourcecode.c.h; path = "UIColor+Hex.h"; sourceTree = "<group>"; };
		9933EA6B1F98864000BA7896 /* UIColor+Hex.m */ = {isa = PBXFileReference; fileEncoding = 4; lastKnownFileType = sourcecode.c.objc; path = "UIColor+Hex.m"; sourceTree = "<group>"; };
		996002381F5BDDB100DBFEFB /* TempleViewController.h */ = {isa = PBXFileReference; fileEncoding = 4; lastKnownFileType = sourcecode.c.h; path = TempleViewController.h; sourceTree = "<group>"; };
		996002391F5BDDB100DBFEFB /* TempleViewController.m */ = {isa = PBXFileReference; fileEncoding = 4; lastKnownFileType = sourcecode.c.objc; path = TempleViewController.m; sourceTree = "<group>"; };
		9960023B1F5BDF7C00DBFEFB /* CardCell.h */ = {isa = PBXFileReference; fileEncoding = 4; lastKnownFileType = sourcecode.c.h; path = CardCell.h; sourceTree = "<group>"; };
		9960023C1F5BDF7C00DBFEFB /* CardCell.m */ = {isa = PBXFileReference; fileEncoding = 4; lastKnownFileType = sourcecode.c.objc; path = CardCell.m; sourceTree = "<group>"; };
		9960023F1F5BE21200DBFEFB /* FixButton.h */ = {isa = PBXFileReference; fileEncoding = 4; lastKnownFileType = sourcecode.c.h; path = FixButton.h; sourceTree = "<group>"; };
		996002401F5BE21200DBFEFB /* FixButton.m */ = {isa = PBXFileReference; fileEncoding = 4; lastKnownFileType = sourcecode.c.objc; path = FixButton.m; sourceTree = "<group>"; };
		99748F411F6BC54900D36BF6 /* WKCell.h */ = {isa = PBXFileReference; fileEncoding = 4; lastKnownFileType = sourcecode.c.h; path = WKCell.h; sourceTree = "<group>"; };
		99748F421F6BC54900D36BF6 /* WKCell.m */ = {isa = PBXFileReference; fileEncoding = 4; lastKnownFileType = sourcecode.c.objc; path = WKCell.m; sourceTree = "<group>"; };
		99748F431F6BC54900D36BF6 /* WKCell.xib */ = {isa = PBXFileReference; fileEncoding = 4; lastKnownFileType = file.xib; path = WKCell.xib; sourceTree = "<group>"; };
		99748F471F6BCDBF00D36BF6 /* FYCheckBox.h */ = {isa = PBXFileReference; fileEncoding = 4; lastKnownFileType = sourcecode.c.h; path = FYCheckBox.h; sourceTree = "<group>"; };
		99748F481F6BCDBF00D36BF6 /* FYCheckBox.m */ = {isa = PBXFileReference; fileEncoding = 4; lastKnownFileType = sourcecode.c.objc; path = FYCheckBox.m; sourceTree = "<group>"; };
		99748F4A1F6BD11B00D36BF6 /* FYCheckCell.h */ = {isa = PBXFileReference; fileEncoding = 4; lastKnownFileType = sourcecode.c.h; path = FYCheckCell.h; sourceTree = "<group>"; };
		99748F4B1F6BD11B00D36BF6 /* FYCheckCell.m */ = {isa = PBXFileReference; fileEncoding = 4; lastKnownFileType = sourcecode.c.objc; path = FYCheckCell.m; sourceTree = "<group>"; };
		99748F4C1F6BD11B00D36BF6 /* FYCheckCell.xib */ = {isa = PBXFileReference; fileEncoding = 4; lastKnownFileType = file.xib; path = FYCheckCell.xib; sourceTree = "<group>"; };
		998789451FA06F66006F79C1 /* SettingViewController.h */ = {isa = PBXFileReference; lastKnownFileType = sourcecode.c.h; path = SettingViewController.h; sourceTree = "<group>"; };
		998789461FA06F66006F79C1 /* SettingViewController.m */ = {isa = PBXFileReference; lastKnownFileType = sourcecode.c.objc; path = SettingViewController.m; sourceTree = "<group>"; };
		998789471FA06F66006F79C1 /* SettingViewController.xib */ = {isa = PBXFileReference; lastKnownFileType = file.xib; path = SettingViewController.xib; sourceTree = "<group>"; };
		99878B491FA090C7006F79C1 /* FYJson.h */ = {isa = PBXFileReference; lastKnownFileType = sourcecode.c.h; path = FYJson.h; sourceTree = "<group>"; };
		99878B4A1FA090C7006F79C1 /* FYJson.m */ = {isa = PBXFileReference; lastKnownFileType = sourcecode.c.objc; path = FYJson.m; sourceTree = "<group>"; };
		999004771F5ED555008F4522 /* WKModel.h */ = {isa = PBXFileReference; fileEncoding = 4; lastKnownFileType = sourcecode.c.h; path = WKModel.h; sourceTree = "<group>"; };
		999004781F5ED555008F4522 /* WKModel.m */ = {isa = PBXFileReference; fileEncoding = 4; lastKnownFileType = sourcecode.c.objc; path = WKModel.m; sourceTree = "<group>"; };
		99A95C301F613EBF008F1511 /* FYSlideSelectView.h */ = {isa = PBXFileReference; fileEncoding = 4; lastKnownFileType = sourcecode.c.h; path = FYSlideSelectView.h; sourceTree = "<group>"; };
		99A95C311F613EBF008F1511 /* FYSlideSelectView.m */ = {isa = PBXFileReference; fileEncoding = 4; lastKnownFileType = sourcecode.c.objc; path = FYSlideSelectView.m; sourceTree = "<group>"; };
		99C0D8301FA03EC900D77CB1 /* FYLocalNotification.h */ = {isa = PBXFileReference; lastKnownFileType = sourcecode.c.h; path = FYLocalNotification.h; sourceTree = "<group>"; };
		99C0D8311FA03EC900D77CB1 /* FYLocalNotification.m */ = {isa = PBXFileReference; lastKnownFileType = sourcecode.c.objc; path = FYLocalNotification.m; sourceTree = "<group>"; };
		99E5ADFA1F58FD640007B897 /* MainCollectionViewFlowLayout.h */ = {isa = PBXFileReference; fileEncoding = 4; lastKnownFileType = sourcecode.c.h; path = MainCollectionViewFlowLayout.h; sourceTree = "<group>"; };
		99E5ADFB1F58FD640007B897 /* MainCollectionViewFlowLayout.m */ = {isa = PBXFileReference; fileEncoding = 4; lastKnownFileType = sourcecode.c.objc; path = MainCollectionViewFlowLayout.m; sourceTree = "<group>"; };
		99EC37211F59746C00070453 /* test.png */ = {isa = PBXFileReference; lastKnownFileType = image.png; path = test.png; sourceTree = "<group>"; };
		99F749FD1F4FCE1000159AB6 /* Family.app */ = {isa = PBXFileReference; explicitFileType = wrapper.application; includeInIndex = 0; path = Family.app; sourceTree = BUILT_PRODUCTS_DIR; };
		99F74A011F4FCE1000159AB6 /* main.m */ = {isa = PBXFileReference; lastKnownFileType = sourcecode.c.objc; path = main.m; sourceTree = "<group>"; };
		99F74A031F4FCE1000159AB6 /* AppDelegate.h */ = {isa = PBXFileReference; lastKnownFileType = sourcecode.c.h; path = AppDelegate.h; sourceTree = "<group>"; };
		99F74A041F4FCE1000159AB6 /* AppDelegate.m */ = {isa = PBXFileReference; lastKnownFileType = sourcecode.c.objc; path = AppDelegate.m; sourceTree = "<group>"; };
		99F74A061F4FCE1000159AB6 /* MainViewController.h */ = {isa = PBXFileReference; lastKnownFileType = sourcecode.c.h; name = MainViewController.h; path = ../Family/MainViewController.h; sourceTree = "<group>"; };
		99F74A071F4FCE1000159AB6 /* MainViewController.m */ = {isa = PBXFileReference; lastKnownFileType = sourcecode.c.objc; name = MainViewController.m; path = ../Family/MainViewController.m; sourceTree = "<group>"; };
		99F74A0A1F4FCE1000159AB6 /* Base */ = {isa = PBXFileReference; lastKnownFileType = file.storyboard; name = Base; path = Base.lproj/Main.storyboard; sourceTree = "<group>"; };
		99F74A0C1F4FCE1000159AB6 /* Assets.xcassets */ = {isa = PBXFileReference; lastKnownFileType = folder.assetcatalog; path = Assets.xcassets; sourceTree = "<group>"; };
		99F74A111F4FCE1000159AB6 /* Info.plist */ = {isa = PBXFileReference; lastKnownFileType = text.plist.xml; path = Info.plist; sourceTree = "<group>"; };
		99FAFED81F57E2A00050C08A /* MainTableViewCell.h */ = {isa = PBXFileReference; fileEncoding = 4; lastKnownFileType = sourcecode.c.h; path = MainTableViewCell.h; sourceTree = "<group>"; };
		99FAFED91F57E2A00050C08A /* MainTableViewCell.m */ = {isa = PBXFileReference; fileEncoding = 4; lastKnownFileType = sourcecode.c.objc; path = MainTableViewCell.m; sourceTree = "<group>"; };
		99FAFEE01F57E96C0050C08A /* MainModel.h */ = {isa = PBXFileReference; fileEncoding = 4; lastKnownFileType = sourcecode.c.h; path = MainModel.h; sourceTree = "<group>"; };
		99FAFEE11F57E96C0050C08A /* MainModel.m */ = {isa = PBXFileReference; fileEncoding = 4; lastKnownFileType = sourcecode.c.objc; path = MainModel.m; sourceTree = "<group>"; };
		99FAFEE31F57EBFA0050C08A /* MainCollectionViewCell.h */ = {isa = PBXFileReference; fileEncoding = 4; lastKnownFileType = sourcecode.c.h; path = MainCollectionViewCell.h; sourceTree = "<group>"; };
		99FAFEE41F57EBFA0050C08A /* MainCollectionViewCell.m */ = {isa = PBXFileReference; fileEncoding = 4; lastKnownFileType = sourcecode.c.objc; path = MainCollectionViewCell.m; sourceTree = "<group>"; };
/* End PBXFileReference section */

/* Begin PBXFrameworksBuildPhase section */
		99F749FA1F4FCE1000159AB6 /* Frameworks */ = {
			isa = PBXFrameworksBuildPhase;
			buildActionMask = 2147483647;
			files = (
				BED14522A058B3A0E8366E4F /* libPods-Family.a in Frameworks */,
			);
			runOnlyForDeploymentPostprocessing = 0;
		};
/* End PBXFrameworksBuildPhase section */

/* Begin PBXGroup section */
		184321271702D91C2563F949 /* Pods */ = {
			isa = PBXGroup;
			children = (
				793DC689A167D963D4C5ECD7 /* Pods-Family.debug.xcconfig */,
				7117ADCC8E49B6DF1D05D470 /* Pods-Family.release.xcconfig */,
			);
			name = Pods;
			sourceTree = "<group>";
		};
		990BA6771F947DAB00CDAD17 /* FYDatePicker */ = {
			isa = PBXGroup;
			children = (
				990BA6781F947ED800CDAD17 /* FYDatePicker.h */,
				990BA6791F947ED800CDAD17 /* FYDatePicker.m */,
				990BA7D51F948F1900CDAD17 /* FYDatePickerManage.h */,
				990BA7D61F948F1900CDAD17 /* FYDatePickerManage.m */,
			);
			name = FYDatePicker;
			sourceTree = "<group>";
		};
		991FB61A1F5967DA00E07B3C /* images */ = {
			isa = PBXGroup;
			children = (
				99EC37211F59746C00070453 /* test.png */,
			);
			path = images;
			sourceTree = "<group>";
		};
		9933EA501F98864000BA7896 /* Helper */ = {
			isa = PBXGroup;
			children = (
				9933EA621F98864000BA7896 /* FYHeader.h */,
				99878B481FA090B2006F79C1 /* FYJson */,
				99C0D82F1FA03E9000D77CB1 /* FYLocalNotification */,
				9933EA511F98864000BA7896 /* DBModel */,
				9933EA561F98864000BA7896 /* FMDB */,
				9933EA631F98864000BA7896 /* FYNetworking */,
				9933EA661F98864000BA7896 /* FYProgessHUD */,
				9933EA691F98864000BA7896 /* UIColor+Hex */,
			);
			path = Helper;
			sourceTree = "<group>";
		};
		9933EA511F98864000BA7896 /* DBModel */ = {
			isa = PBXGroup;
			children = (
				9933EA521F98864000BA7896 /* JKDBHelper.h */,
				9933EA531F98864000BA7896 /* JKDBHelper.m */,
				9933EA541F98864000BA7896 /* JKDBModel.h */,
				9933EA551F98864000BA7896 /* JKDBModel.m */,
			);
			path = DBModel;
			sourceTree = "<group>";
		};
		9933EA561F98864000BA7896 /* FMDB */ = {
			isa = PBXGroup;
			children = (
				9933EA571F98864000BA7896 /* FMDatabase.h */,
				9933EA581F98864000BA7896 /* FMDatabase.m */,
				9933EA591F98864000BA7896 /* FMDatabaseAdditions.h */,
				9933EA5A1F98864000BA7896 /* FMDatabaseAdditions.m */,
				9933EA5B1F98864000BA7896 /* FMDatabasePool.h */,
				9933EA5C1F98864000BA7896 /* FMDatabasePool.m */,
				9933EA5D1F98864000BA7896 /* FMDatabaseQueue.h */,
				9933EA5E1F98864000BA7896 /* FMDatabaseQueue.m */,
				9933EA5F1F98864000BA7896 /* FMDB.h */,
				9933EA601F98864000BA7896 /* FMResultSet.h */,
				9933EA611F98864000BA7896 /* FMResultSet.m */,
			);
			path = FMDB;
			sourceTree = "<group>";
		};
		9933EA631F98864000BA7896 /* FYNetworking */ = {
			isa = PBXGroup;
			children = (
				9933EA641F98864000BA7896 /* FYNetworking.h */,
				9933EA651F98864000BA7896 /* FYNetworking.m */,
			);
			path = FYNetworking;
			sourceTree = "<group>";
		};
		9933EA661F98864000BA7896 /* FYProgessHUD */ = {
			isa = PBXGroup;
			children = (
				9933EA671F98864000BA7896 /* FYProgessHUD.h */,
				9933EA681F98864000BA7896 /* FYProgessHUD.m */,
			);
			path = FYProgessHUD;
			sourceTree = "<group>";
		};
		9933EA691F98864000BA7896 /* UIColor+Hex */ = {
			isa = PBXGroup;
			children = (
				9933EA6A1F98864000BA7896 /* UIColor+Hex.h */,
				9933EA6B1F98864000BA7896 /* UIColor+Hex.m */,
			);
			path = "UIColor+Hex";
			sourceTree = "<group>";
		};
		9944C7C51F5CDF69002A7A81 /* WorkIng */ = {
			isa = PBXGroup;
			children = (
				99748F401F6BC52400D36BF6 /* View */,
				9990047B1F5ED82B008F4522 /* ViewController */,
				9990047A1F5ED593008F4522 /* Model */,
			);
			name = WorkIng;
			sourceTree = "<group>";
		};
		9944C7C91F5CE0FD002A7A81 /* Base */ = {
			isa = PBXGroup;
			children = (
			);
			path = Base;
			sourceTree = "<group>";
		};
		996002371F5BDC1300DBFEFB /* Module */ = {
			isa = PBXGroup;
			children = (
				9944C7C51F5CDF69002A7A81 /* WorkIng */,
			);
			path = Module;
			sourceTree = "<group>";
		};
		99748F401F6BC52400D36BF6 /* View */ = {
			isa = PBXGroup;
			children = (
				99748F411F6BC54900D36BF6 /* WKCell.h */,
				99748F421F6BC54900D36BF6 /* WKCell.m */,
				99748F431F6BC54900D36BF6 /* WKCell.xib */,
			);
			name = View;
			sourceTree = "<group>";
		};
		99748F461F6BCA0C00D36BF6 /* FYCheckBox */ = {
			isa = PBXGroup;
			children = (
				99748F471F6BCDBF00D36BF6 /* FYCheckBox.h */,
				99748F481F6BCDBF00D36BF6 /* FYCheckBox.m */,
				99748F4A1F6BD11B00D36BF6 /* FYCheckCell.h */,
				99748F4B1F6BD11B00D36BF6 /* FYCheckCell.m */,
				99748F4C1F6BD11B00D36BF6 /* FYCheckCell.xib */,
			);
			name = FYCheckBox;
			sourceTree = "<group>";
		};
		99878B481FA090B2006F79C1 /* FYJson */ = {
			isa = PBXGroup;
			children = (
				99878B491FA090C7006F79C1 /* FYJson.h */,
				99878B4A1FA090C7006F79C1 /* FYJson.m */,
			);
			path = FYJson;
			sourceTree = "<group>";
		};
		9990047A1F5ED593008F4522 /* Model */ = {
			isa = PBXGroup;
			children = (
				999004771F5ED555008F4522 /* WKModel.h */,
				999004781F5ED555008F4522 /* WKModel.m */,
			);
			name = Model;
			sourceTree = "<group>";
		};
		9990047B1F5ED82B008F4522 /* ViewController */ = {
			isa = PBXGroup;
			children = (
				991157C41F9F47A800EC824F /* WKViewController.h */,
				991157C51F9F47A800EC824F /* WKViewController.m */,
			);
			name = ViewController;
			sourceTree = "<group>";
		};
		99A95C2F1F613E86008F1511 /* Components */ = {
			isa = PBXGroup;
			children = (
				990BA6771F947DAB00CDAD17 /* FYDatePicker */,
				99748F461F6BCA0C00D36BF6 /* FYCheckBox */,
				99A95C331F613EC8008F1511 /* FYSlideSelectView */,
			);
			path = Components;
			sourceTree = "<group>";
		};
		99A95C331F613EC8008F1511 /* FYSlideSelectView */ = {
			isa = PBXGroup;
			children = (
				99A95C301F613EBF008F1511 /* FYSlideSelectView.h */,
				99A95C311F613EBF008F1511 /* FYSlideSelectView.m */,
			);
			name = FYSlideSelectView;
			sourceTree = "<group>";
		};
		99C0D82F1FA03E9000D77CB1 /* FYLocalNotification */ = {
			isa = PBXGroup;
			children = (
				99C0D8301FA03EC900D77CB1 /* FYLocalNotification.h */,
				99C0D8311FA03EC900D77CB1 /* FYLocalNotification.m */,
			);
			path = FYLocalNotification;
			sourceTree = "<group>";
		};
		99F749F41F4FCE1000159AB6 = {
			isa = PBXGroup;
			children = (
				9933EA501F98864000BA7896 /* Helper */,
				9944C7C91F5CE0FD002A7A81 /* Base */,
				99A95C2F1F613E86008F1511 /* Components */,
				996002371F5BDC1300DBFEFB /* Module */,
				991FB61A1F5967DA00E07B3C /* images */,
				99FAFED51F57DE9D0050C08A /* Main */,
				99F749FF1F4FCE1000159AB6 /* Family */,
				99F749FE1F4FCE1000159AB6 /* Products */,
				184321271702D91C2563F949 /* Pods */,
				A10FC9AC9EA52553A010743A /* Frameworks */,
			);
			sourceTree = "<group>";
		};
		99F749FE1F4FCE1000159AB6 /* Products */ = {
			isa = PBXGroup;
			children = (
				99F749FD1F4FCE1000159AB6 /* Family.app */,
			);
			name = Products;
			sourceTree = "<group>";
		};
		99F749FF1F4FCE1000159AB6 /* Family */ = {
			isa = PBXGroup;
			children = (
				99F74A031F4FCE1000159AB6 /* AppDelegate.h */,
				99F74A041F4FCE1000159AB6 /* AppDelegate.m */,
				99F74A091F4FCE1000159AB6 /* Main.storyboard */,
				99F74A0C1F4FCE1000159AB6 /* Assets.xcassets */,
				99F74A111F4FCE1000159AB6 /* Info.plist */,
				99F74A001F4FCE1000159AB6 /* Supporting Files */,
			);
			path = Family;
			sourceTree = "<group>";
		};
		99F74A001F4FCE1000159AB6 /* Supporting Files */ = {
			isa = PBXGroup;
			children = (
				99F74A011F4FCE1000159AB6 /* main.m */,
			);
			name = "Supporting Files";
			sourceTree = "<group>";
		};
		99FAFED51F57DE9D0050C08A /* Main */ = {
			isa = PBXGroup;
			children = (
				99FAFEDF1F57E94E0050C08A /* Model */,
				99FAFED71F57E0FC0050C08A /* ViewController */,
				99FAFED61F57E0F50050C08A /* View */,
			);
			path = Main;
			sourceTree = "<group>";
		};
		99FAFED61F57E0F50050C08A /* View */ = {
			isa = PBXGroup;
			children = (
				99FAFED81F57E2A00050C08A /* MainTableViewCell.h */,
				99FAFED91F57E2A00050C08A /* MainTableViewCell.m */,
				99FAFEE31F57EBFA0050C08A /* MainCollectionViewCell.h */,
				99FAFEE41F57EBFA0050C08A /* MainCollectionViewCell.m */,
				99E5ADFA1F58FD640007B897 /* MainCollectionViewFlowLayout.h */,
				99E5ADFB1F58FD640007B897 /* MainCollectionViewFlowLayout.m */,
				9960023B1F5BDF7C00DBFEFB /* CardCell.h */,
				9960023C1F5BDF7C00DBFEFB /* CardCell.m */,
				9960023F1F5BE21200DBFEFB /* FixButton.h */,
				996002401F5BE21200DBFEFB /* FixButton.m */,
			);
			name = View;
			sourceTree = "<group>";
		};
		99FAFED71F57E0FC0050C08A /* ViewController */ = {
			isa = PBXGroup;
			children = (
				99F74A061F4FCE1000159AB6 /* MainViewController.h */,
				99F74A071F4FCE1000159AB6 /* MainViewController.m */,
				996002381F5BDDB100DBFEFB /* TempleViewController.h */,
				996002391F5BDDB100DBFEFB /* TempleViewController.m */,
				991157B61F9F37C500EC824F /* BaseViewController.h */,
				991157B71F9F37C500EC824F /* BaseViewController.m */,
				991157B91F9F381B00EC824F /* BaseNavigationController.h */,
				991157BA1F9F381B00EC824F /* BaseNavigationController.m */,
				998789451FA06F66006F79C1 /* SettingViewController.h */,
				998789461FA06F66006F79C1 /* SettingViewController.m */,
				998789471FA06F66006F79C1 /* SettingViewController.xib */,
			);
			name = ViewController;
			sourceTree = "<group>";
		};
		99FAFEDF1F57E94E0050C08A /* Model */ = {
			isa = PBXGroup;
			children = (
				99FAFEE01F57E96C0050C08A /* MainModel.h */,
				99FAFEE11F57E96C0050C08A /* MainModel.m */,
				992DF6251F59537800C3F218 /* MainItem.h */,
				992DF6261F59537800C3F218 /* MainItem.m */,
			);
			name = Model;
			sourceTree = "<group>";
		};
		A10FC9AC9EA52553A010743A /* Frameworks */ = {
			isa = PBXGroup;
			children = (
				110B578A05AEA6E1CF622328 /* libPods-Family.a */,
			);
			name = Frameworks;
			sourceTree = "<group>";
		};
/* End PBXGroup section */

/* Begin PBXNativeTarget section */
		99F749FC1F4FCE1000159AB6 /* Family */ = {
			isa = PBXNativeTarget;
			buildConfigurationList = 99F74A141F4FCE1000159AB6 /* Build configuration list for PBXNativeTarget "Family" */;
			buildPhases = (
				1620990547BFD4B92F7B2599 /* [CP] Check Pods Manifest.lock */,
				99F749F91F4FCE1000159AB6 /* Sources */,
				99F749FA1F4FCE1000159AB6 /* Frameworks */,
				99F749FB1F4FCE1000159AB6 /* Resources */,
				C90C6FB18A9333DF0FAD86C8 /* [CP] Embed Pods Frameworks */,
				8BB996799372FC967B9DB7D9 /* [CP] Copy Pods Resources */,
			);
			buildRules = (
			);
			dependencies = (
			);
			name = Family;
			productName = Family;
			productReference = 99F749FD1F4FCE1000159AB6 /* Family.app */;
			productType = "com.apple.product-type.application";
		};
/* End PBXNativeTarget section */

/* Begin PBXProject section */
		99F749F51F4FCE1000159AB6 /* Project object */ = {
			isa = PBXProject;
			attributes = {
				LastUpgradeCheck = 0830;
				ORGANIZATIONNAME = "Baird-weng";
				TargetAttributes = {
					99F749FC1F4FCE1000159AB6 = {
						CreatedOnToolsVersion = 8.3.3;
						DevelopmentTeam = 47425P9QYK;
						ProvisioningStyle = Manual;
					};
				};
			};
			buildConfigurationList = 99F749F81F4FCE1000159AB6 /* Build configuration list for PBXProject "Family" */;
			compatibilityVersion = "Xcode 3.2";
			developmentRegion = English;
			hasScannedForEncodings = 0;
			knownRegions = (
				en,
				Base,
			);
			mainGroup = 99F749F41F4FCE1000159AB6;
			productRefGroup = 99F749FE1F4FCE1000159AB6 /* Products */;
			projectDirPath = "";
			projectRoot = "";
			targets = (
				99F749FC1F4FCE1000159AB6 /* Family */,
			);
		};
/* End PBXProject section */

/* Begin PBXResourcesBuildPhase section */
		99F749FB1F4FCE1000159AB6 /* Resources */ = {
			isa = PBXResourcesBuildPhase;
			buildActionMask = 2147483647;
			files = (
				998789491FA06F66006F79C1 /* SettingViewController.xib in Resources */,
				99F74A0D1F4FCE1000159AB6 /* Assets.xcassets in Resources */,
				99F74A0B1F4FCE1000159AB6 /* Main.storyboard in Resources */,
				99EC37221F59746C00070453 /* test.png in Resources */,
				99748F451F6BC54900D36BF6 /* WKCell.xib in Resources */,
				99748F4E1F6BD11B00D36BF6 /* FYCheckCell.xib in Resources */,
			);
			runOnlyForDeploymentPostprocessing = 0;
		};
/* End PBXResourcesBuildPhase section */

/* Begin PBXShellScriptBuildPhase section */
		1620990547BFD4B92F7B2599 /* [CP] Check Pods Manifest.lock */ = {
			isa = PBXShellScriptBuildPhase;
			buildActionMask = 2147483647;
			files = (
			);
			inputPaths = (
			);
			name = "[CP] Check Pods Manifest.lock";
			outputPaths = (
			);
			runOnlyForDeploymentPostprocessing = 0;
			shellPath = /bin/sh;
			shellScript = "diff \"${PODS_ROOT}/../Podfile.lock\" \"${PODS_ROOT}/Manifest.lock\" > /dev/null\nif [ $? != 0 ] ; then\n    # print error to STDERR\n    echo \"error: The sandbox is not in sync with the Podfile.lock. Run 'pod install' or update your CocoaPods installation.\" >&2\n    exit 1\nfi\n";
			showEnvVarsInLog = 0;
		};
		8BB996799372FC967B9DB7D9 /* [CP] Copy Pods Resources */ = {
			isa = PBXShellScriptBuildPhase;
			buildActionMask = 2147483647;
			files = (
			);
			inputPaths = (
			);
			name = "[CP] Copy Pods Resources";
			outputPaths = (
			);
			runOnlyForDeploymentPostprocessing = 0;
			shellPath = /bin/sh;
			shellScript = "\"${SRCROOT}/Pods/Target Support Files/Pods-Family/Pods-Family-resources.sh\"\n";
			showEnvVarsInLog = 0;
		};
		C90C6FB18A9333DF0FAD86C8 /* [CP] Embed Pods Frameworks */ = {
			isa = PBXShellScriptBuildPhase;
			buildActionMask = 2147483647;
			files = (
			);
			inputPaths = (
			);
			name = "[CP] Embed Pods Frameworks";
			outputPaths = (
			);
			runOnlyForDeploymentPostprocessing = 0;
			shellPath = /bin/sh;
			shellScript = "\"${SRCROOT}/Pods/Target Support Files/Pods-Family/Pods-Family-frameworks.sh\"\n";
			showEnvVarsInLog = 0;
		};
/* End PBXShellScriptBuildPhase section */

/* Begin PBXSourcesBuildPhase section */
		99F749F91F4FCE1000159AB6 /* Sources */ = {
			isa = PBXSourcesBuildPhase;
			buildActionMask = 2147483647;
			files = (
				990BA67A1F947ED800CDAD17 /* FYDatePicker.m in Sources */,
				9933EA751F98864000BA7896 /* UIColor+Hex.m in Sources */,
				99878B4B1FA090C7006F79C1 /* FYJson.m in Sources */,
				99F74A081F4FCE1000159AB6 /* MainViewController.m in Sources */,
				9933EA741F98864000BA7896 /* FYProgessHUD.m in Sources */,
				991157BB1F9F381B00EC824F /* BaseNavigationController.m in Sources */,
				999004791F5ED555008F4522 /* WKModel.m in Sources */,
				990BA7D71F948F1900CDAD17 /* FYDatePickerManage.m in Sources */,
				996002411F5BE21200DBFEFB /* FixButton.m in Sources */,
				99F74A051F4FCE1000159AB6 /* AppDelegate.m in Sources */,
				9933EA731F98864000BA7896 /* FYNetworking.m in Sources */,
				9933EA6E1F98864000BA7896 /* FMDatabase.m in Sources */,
				99FAFEE21F57E96C0050C08A /* MainModel.m in Sources */,
				992DF6271F59537800C3F218 /* MainItem.m in Sources */,
				99748F491F6BCDBF00D36BF6 /* FYCheckBox.m in Sources */,
				9933EA701F98864000BA7896 /* FMDatabasePool.m in Sources */,
				99748F4D1F6BD11B00D36BF6 /* FYCheckCell.m in Sources */,
				991157B81F9F37C500EC824F /* BaseViewController.m in Sources */,
				99E5ADFC1F58FD640007B897 /* MainCollectionViewFlowLayout.m in Sources */,
				998789481FA06F66006F79C1 /* SettingViewController.m in Sources */,
				99C0D8321FA03EC900D77CB1 /* FYLocalNotification.m in Sources */,
				9933EA721F98864000BA7896 /* FMResultSet.m in Sources */,
				99FAFEDA1F57E2A00050C08A /* MainTableViewCell.m in Sources */,
				99FAFEE51F57EBFA0050C08A /* MainCollectionViewCell.m in Sources */,
				9933EA711F98864000BA7896 /* FMDatabaseQueue.m in Sources */,
				99748F441F6BC54900D36BF6 /* WKCell.m in Sources */,
				9933EA6D1F98864000BA7896 /* JKDBModel.m in Sources */,
				9960023A1F5BDDB100DBFEFB /* TempleViewController.m in Sources */,
				99F74A021F4FCE1000159AB6 /* main.m in Sources */,
				991157C61F9F47A800EC824F /* WKViewController.m in Sources */,
				9960023D1F5BDF7C00DBFEFB /* CardCell.m in Sources */,
				99A95C321F613EBF008F1511 /* FYSlideSelectView.m in Sources */,
				9933EA6C1F98864000BA7896 /* JKDBHelper.m in Sources */,
				9933EA6F1F98864000BA7896 /* FMDatabaseAdditions.m in Sources */,
			);
			runOnlyForDeploymentPostprocessing = 0;
		};
/* End PBXSourcesBuildPhase section */

/* Begin PBXVariantGroup section */
		99F74A091F4FCE1000159AB6 /* Main.storyboard */ = {
			isa = PBXVariantGroup;
			children = (
				99F74A0A1F4FCE1000159AB6 /* Base */,
			);
			name = Main.storyboard;
			sourceTree = "<group>";
		};
/* End PBXVariantGroup section */

/* Begin XCBuildConfiguration section */
		99F74A121F4FCE1000159AB6 /* Debug */ = {
			isa = XCBuildConfiguration;
			buildSettings = {
				ALWAYS_SEARCH_USER_PATHS = NO;
				CLANG_ANALYZER_NONNULL = YES;
				CLANG_ANALYZER_NUMBER_OBJECT_CONVERSION = YES_AGGRESSIVE;
				CLANG_CXX_LANGUAGE_STANDARD = "gnu++0x";
				CLANG_CXX_LIBRARY = "libc++";
				CLANG_ENABLE_MODULES = YES;
				CLANG_ENABLE_OBJC_ARC = YES;
				CLANG_WARN_BOOL_CONVERSION = YES;
				CLANG_WARN_CONSTANT_CONVERSION = YES;
				CLANG_WARN_DIRECT_OBJC_ISA_USAGE = YES_ERROR;
				CLANG_WARN_DOCUMENTATION_COMMENTS = YES;
				CLANG_WARN_EMPTY_BODY = YES;
				CLANG_WARN_ENUM_CONVERSION = YES;
				CLANG_WARN_INFINITE_RECURSION = YES;
				CLANG_WARN_INT_CONVERSION = YES;
				CLANG_WARN_OBJC_ROOT_CLASS = YES_ERROR;
				CLANG_WARN_SUSPICIOUS_MOVE = YES;
				CLANG_WARN_UNREACHABLE_CODE = YES;
				CLANG_WARN__DUPLICATE_METHOD_MATCH = YES;
				"CODE_SIGN_IDENTITY[sdk=iphoneos*]" = "iPhone Developer";
				COPY_PHASE_STRIP = NO;
				DEBUG_INFORMATION_FORMAT = dwarf;
				ENABLE_STRICT_OBJC_MSGSEND = YES;
				ENABLE_TESTABILITY = YES;
				GCC_C_LANGUAGE_STANDARD = gnu99;
				GCC_DYNAMIC_NO_PIC = NO;
				GCC_NO_COMMON_BLOCKS = YES;
				GCC_OPTIMIZATION_LEVEL = 0;
				GCC_PREPROCESSOR_DEFINITIONS = (
					"DEBUG=1",
					"$(inherited)",
				);
				GCC_WARN_64_TO_32_BIT_CONVERSION = YES;
				GCC_WARN_ABOUT_RETURN_TYPE = YES_ERROR;
				GCC_WARN_UNDECLARED_SELECTOR = YES;
				GCC_WARN_UNINITIALIZED_AUTOS = YES_AGGRESSIVE;
				GCC_WARN_UNUSED_FUNCTION = YES;
				GCC_WARN_UNUSED_VARIABLE = YES;
				IPHONEOS_DEPLOYMENT_TARGET = 10.2;
				MTL_ENABLE_DEBUG_INFO = YES;
				ONLY_ACTIVE_ARCH = YES;
				SDKROOT = iphoneos;
			};
			name = Debug;
		};
		99F74A131F4FCE1000159AB6 /* Release */ = {
			isa = XCBuildConfiguration;
			buildSettings = {
				ALWAYS_SEARCH_USER_PATHS = NO;
				CLANG_ANALYZER_NONNULL = YES;
				CLANG_ANALYZER_NUMBER_OBJECT_CONVERSION = YES_AGGRESSIVE;
				CLANG_CXX_LANGUAGE_STANDARD = "gnu++0x";
				CLANG_CXX_LIBRARY = "libc++";
				CLANG_ENABLE_MODULES = YES;
				CLANG_ENABLE_OBJC_ARC = YES;
				CLANG_WARN_BOOL_CONVERSION = YES;
				CLANG_WARN_CONSTANT_CONVERSION = YES;
				CLANG_WARN_DIRECT_OBJC_ISA_USAGE = YES_ERROR;
				CLANG_WARN_DOCUMENTATION_COMMENTS = YES;
				CLANG_WARN_EMPTY_BODY = YES;
				CLANG_WARN_ENUM_CONVERSION = YES;
				CLANG_WARN_INFINITE_RECURSION = YES;
				CLANG_WARN_INT_CONVERSION = YES;
				CLANG_WARN_OBJC_ROOT_CLASS = YES_ERROR;
				CLANG_WARN_SUSPICIOUS_MOVE = YES;
				CLANG_WARN_UNREACHABLE_CODE = YES;
				CLANG_WARN__DUPLICATE_METHOD_MATCH = YES;
				"CODE_SIGN_IDENTITY[sdk=iphoneos*]" = "iPhone Developer";
				COPY_PHASE_STRIP = NO;
				DEBUG_INFORMATION_FORMAT = "dwarf-with-dsym";
				ENABLE_NS_ASSERTIONS = NO;
				ENABLE_STRICT_OBJC_MSGSEND = YES;
				GCC_C_LANGUAGE_STANDARD = gnu99;
				GCC_NO_COMMON_BLOCKS = YES;
				GCC_WARN_64_TO_32_BIT_CONVERSION = YES;
				GCC_WARN_ABOUT_RETURN_TYPE = YES_ERROR;
				GCC_WARN_UNDECLARED_SELECTOR = YES;
				GCC_WARN_UNINITIALIZED_AUTOS = YES_AGGRESSIVE;
				GCC_WARN_UNUSED_FUNCTION = YES;
				GCC_WARN_UNUSED_VARIABLE = YES;
				IPHONEOS_DEPLOYMENT_TARGET = 10.2;
				MTL_ENABLE_DEBUG_INFO = NO;
				SDKROOT = iphoneos;
				VALIDATE_PRODUCT = YES;
			};
			name = Release;
		};
		99F74A151F4FCE1000159AB6 /* Debug */ = {
			isa = XCBuildConfiguration;
			baseConfigurationReference = 793DC689A167D963D4C5ECD7 /* Pods-Family.debug.xcconfig */;
			buildSettings = {
				ASSETCATALOG_COMPILER_APPICON_NAME = AppIcon;
				ASSETCATALOG_COMPILER_LAUNCHIMAGE_NAME = LaunchImage;
				"CODE_SIGN_IDENTITY[sdk=iphoneos*]" = "iPhone Developer";
				CODE_SIGN_STYLE = Manual;
				DEVELOPMENT_TEAM = 47425P9QYK;
				INFOPLIST_FILE = Family/Info.plist;
				IPHONEOS_DEPLOYMENT_TARGET = 10.3;
				LD_RUNPATH_SEARCH_PATHS = "$(inherited) @executable_path/Frameworks";
				PRODUCT_BUNDLE_IDENTIFIER = com.bwinfo.com.Family;
				PRODUCT_NAME = "$(TARGET_NAME)";
				PROVISIONING_PROFILE = "b83db8ca-01e6-489e-887d-9b31e366760a";
				PROVISIONING_PROFILE_SPECIFIER = comAppAllTest;
				TARGETED_DEVICE_FAMILY = 1;
			};
			name = Debug;
		};
		99F74A161F4FCE1000159AB6 /* Release */ = {
			isa = XCBuildConfiguration;
			baseConfigurationReference = 7117ADCC8E49B6DF1D05D470 /* Pods-Family.release.xcconfig */;
			buildSettings = {
				ASSETCATALOG_COMPILER_APPICON_NAME = AppIcon;
				ASSETCATALOG_COMPILER_LAUNCHIMAGE_NAME = LaunchImage;
				"CODE_SIGN_IDENTITY[sdk=iphoneos*]" = "iPhone Developer";
				CODE_SIGN_STYLE = Manual;
				DEVELOPMENT_TEAM = 47425P9QYK;
				INFOPLIST_FILE = Family/Info.plist;
				IPHONEOS_DEPLOYMENT_TARGET = 10.3;
				LD_RUNPATH_SEARCH_PATHS = "$(inherited) @executable_path/Frameworks";
				PRODUCT_BUNDLE_IDENTIFIER = com.bwinfo.com.Family;
				PRODUCT_NAME = "$(TARGET_NAME)";
				PROVISIONING_PROFILE = "b83db8ca-01e6-489e-887d-9b31e366760a";
				PROVISIONING_PROFILE_SPECIFIER = comAppAllTest;
				TARGETED_DEVICE_FAMILY = 1;
			};
			name = Release;
		};
/* End XCBuildConfiguration section */

/* Begin XCConfigurationList section */
		99F749F81F4FCE1000159AB6 /* Build configuration list for PBXProject "Family" */ = {
			isa = XCConfigurationList;
			buildConfigurations = (
				99F74A121F4FCE1000159AB6 /* Debug */,
				99F74A131F4FCE1000159AB6 /* Release */,
			);
			defaultConfigurationIsVisible = 0;
			defaultConfigurationName = Release;
		};
		99F74A141F4FCE1000159AB6 /* Build configuration list for PBXNativeTarget "Family" */ = {
			isa = XCConfigurationList;
			buildConfigurations = (
				99F74A151F4FCE1000159AB6 /* Debug */,
				99F74A161F4FCE1000159AB6 /* Release */,
			);
			defaultConfigurationIsVisible = 0;
			defaultConfigurationName = Release;
		};
/* End XCConfigurationList section */
	};
	rootObject = 99F749F51F4FCE1000159AB6 /* Project object */;
}
